
Microsoft Visual Studio Solution File, Format Version 12.00
# Visual Studio Version 16
VisualStudioVersion = 16.0.808.4
MinimumVisualStudioVersion = 10.0.40219.1
Project("{FAE04EC0-301F-11D3-BF4B-00C04F79EFBC}") = "CSharp_dotnet", "CSharp_dotnet.csproj", "{AA10751F-D944-453A-92D8-06A244B2CFA8}"
EndProject
Global
	GlobalSection(SolutionConfigurationPlatforms) = preSolution
		Debug|Any CPU = Debug|Any CPU
		Release|Any CPU = Release|Any CPU
	EndGlobalSection
	GlobalSection(ProjectConfigurationPlatforms) = postSolution
		{AA10751F-D944-453A-92D8-06A244B2CFA8}.Debug|Any CPU.ActiveCfg = Debug|Any CPU
		{AA10751F-D944-453A-92D8-06A244B2CFA8}.Debug|Any CPU.Build.0 = Debug|Any CPU
		{AA10751F-D944-453A-92D8-06A244B2CFA8}.Release|Any CPU.ActiveCfg = Release|Any CPU
		{AA10751F-D944-453A-92D8-06A244B2CFA8}.Release|Any CPU.Build.0 = Release|Any CPU
	EndGlobalSection
	GlobalSection(SolutionProperties) = preSolution
		HideSolutionNode = FALSE
	EndGlobalSection
	GlobalSection(ExtensibilityGlobals) = postSolution
		SolutionGuid = {417DD7E4-88DA-4007-9E61-9F2AE31295A8}
	EndGlobalSection
EndGlobal
