
Microsoft Visual Studio Solution File, Format Version 12.00
# Visual Studio Version 16
VisualStudioVersion = 16.0.808.4
MinimumVisualStudioVersion = 10.0.40219.1
Project("{FAE04EC0-301F-11D3-BF4B-00C04F79EFBC}") = "CSharp_dotnet", "CSharp_dotnet\CSharp_dotnet.csproj", "{CCE546C9-1DC7-4C84-9FBE-FDC647A19AA7}"
EndProject
Global
	GlobalSection(SolutionConfigurationPlatforms) = preSolution
		Debug|Any CPU = Debug|Any CPU
		Release|Any CPU = Release|Any CPU
	EndGlobalSection
	GlobalSection(ProjectConfigurationPlatforms) = postSolution
		{CCE546C9-1DC7-4C84-9FBE-FDC647A19AA7}.Debug|Any CPU.ActiveCfg = Debug|Any CPU
		{CCE546C9-1DC7-4C84-9FBE-FDC647A19AA7}.Debug|Any CPU.Build.0 = Debug|Any CPU
		{CCE546C9-1DC7-4C84-9FBE-FDC647A19AA7}.Release|Any CPU.ActiveCfg = Release|Any CPU
		{CCE546C9-1DC7-4C84-9FBE-FDC647A19AA7}.Release|Any CPU.Build.0 = Release|Any CPU
	EndGlobalSection
	GlobalSection(SolutionProperties) = preSolution
		HideSolutionNode = FALSE
	EndGlobalSection
	GlobalSection(ExtensibilityGlobals) = postSolution
		SolutionGuid = {93FBF92F-DA24-41F6-BEA3-C7BD86C9A9D0}
	EndGlobalSection
EndGlobal
